
Microsoft Visual Studio Solution File, Format Version 12.00
# Visual Studio Version 16
VisualStudioVersion = 16.0.32630.194
MinimumVisualStudioVersion = 10.0.40219.1
Project("{FAE04EC0-301F-11D3-BF4B-00C04F79EFBC}") = "UC6", "UC6\UC6.csproj", "{1A00C51A-931F-42E4-AB17-E01918F2F78C}"
EndProject
Global
	GlobalSection(SolutionConfigurationPlatforms) = preSolution
		Debug|Any CPU = Debug|Any CPU
		Release|Any CPU = Release|Any CPU
	EndGlobalSection
	GlobalSection(ProjectConfigurationPlatforms) = postSolution
		{1A00C51A-931F-42E4-AB17-E01918F2F78C}.Debug|Any CPU.ActiveCfg = Debug|Any CPU
		{1A00C51A-931F-42E4-AB17-E01918F2F78C}.Debug|Any CPU.Build.0 = Debug|Any CPU
		{1A00C51A-931F-42E4-AB17-E01918F2F78C}.Release|Any CPU.ActiveCfg = Release|Any CPU
		{1A00C51A-931F-42E4-AB17-E01918F2F78C}.Release|Any CPU.Build.0 = Release|Any CPU
	EndGlobalSection
	GlobalSection(SolutionProperties) = preSolution
		HideSolutionNode = FALSE
	EndGlobalSection
	GlobalSection(ExtensibilityGlobals) = postSolution
		SolutionGuid = {6881D6B1-63F9-4FF2-916A-20D9517D97F7}
	EndGlobalSection
EndGlobal
