
Microsoft Visual Studio Solution File, Format Version 12.00
# Visual Studio Version 16
VisualStudioVersion = 16.0.32630.194
MinimumVisualStudioVersion = 10.0.40219.1
Project("{FAE04EC0-301F-11D3-BF4B-00C04F79EFBC}") = "UC4", "UC4\UC4.csproj", "{A5C2D53C-B25B-40EB-8080-0A06322B2CBC}"
EndProject
Global
	GlobalSection(SolutionConfigurationPlatforms) = preSolution
		Debug|Any CPU = Debug|Any CPU
		Release|Any CPU = Release|Any CPU
	EndGlobalSection
	GlobalSection(ProjectConfigurationPlatforms) = postSolution
		{A5C2D53C-B25B-40EB-8080-0A06322B2CBC}.Debug|Any CPU.ActiveCfg = Debug|Any CPU
		{A5C2D53C-B25B-40EB-8080-0A06322B2CBC}.Debug|Any CPU.Build.0 = Debug|Any CPU
		{A5C2D53C-B25B-40EB-8080-0A06322B2CBC}.Release|Any CPU.ActiveCfg = Release|Any CPU
		{A5C2D53C-B25B-40EB-8080-0A06322B2CBC}.Release|Any CPU.Build.0 = Release|Any CPU
	EndGlobalSection
	GlobalSection(SolutionProperties) = preSolution
		HideSolutionNode = FALSE
	EndGlobalSection
	GlobalSection(ExtensibilityGlobals) = postSolution
		SolutionGuid = {0DE42BA2-16E9-413C-9D3A-6C9902851B03}
	EndGlobalSection
EndGlobal
