
Microsoft Visual Studio Solution File, Format Version 12.00
# Visual Studio Version 16
VisualStudioVersion = 16.0.32630.194
MinimumVisualStudioVersion = 10.0.40219.1
Project("{FAE04EC0-301F-11D3-BF4B-00C04F79EFBC}") = "UC2", "UC2\UC2.csproj", "{BBCA1A49-7B7A-41D2-A050-9C72A910863B}"
EndProject
Global
	GlobalSection(SolutionConfigurationPlatforms) = preSolution
		Debug|Any CPU = Debug|Any CPU
		Release|Any CPU = Release|Any CPU
	EndGlobalSection
	GlobalSection(ProjectConfigurationPlatforms) = postSolution
		{BBCA1A49-7B7A-41D2-A050-9C72A910863B}.Debug|Any CPU.ActiveCfg = Debug|Any CPU
		{BBCA1A49-7B7A-41D2-A050-9C72A910863B}.Debug|Any CPU.Build.0 = Debug|Any CPU
		{BBCA1A49-7B7A-41D2-A050-9C72A910863B}.Release|Any CPU.ActiveCfg = Release|Any CPU
		{BBCA1A49-7B7A-41D2-A050-9C72A910863B}.Release|Any CPU.Build.0 = Release|Any CPU
	EndGlobalSection
	GlobalSection(SolutionProperties) = preSolution
		HideSolutionNode = FALSE
	EndGlobalSection
	GlobalSection(ExtensibilityGlobals) = postSolution
		SolutionGuid = {44AE5BD2-3651-4471-B6DA-1A972F9A1C59}
	EndGlobalSection
EndGlobal
