
Microsoft Visual Studio Solution File, Format Version 12.00
# Visual Studio Version 16
VisualStudioVersion = 16.0.32630.194
MinimumVisualStudioVersion = 10.0.40219.1
Project("{FAE04EC0-301F-11D3-BF4B-00C04F79EFBC}") = "UC5", "UC5\UC5.csproj", "{DE91C9D3-845D-41DE-B861-25C330E6DDE5}"
EndProject
Global
	GlobalSection(SolutionConfigurationPlatforms) = preSolution
		Debug|Any CPU = Debug|Any CPU
		Release|Any CPU = Release|Any CPU
	EndGlobalSection
	GlobalSection(ProjectConfigurationPlatforms) = postSolution
		{DE91C9D3-845D-41DE-B861-25C330E6DDE5}.Debug|Any CPU.ActiveCfg = Debug|Any CPU
		{DE91C9D3-845D-41DE-B861-25C330E6DDE5}.Debug|Any CPU.Build.0 = Debug|Any CPU
		{DE91C9D3-845D-41DE-B861-25C330E6DDE5}.Release|Any CPU.ActiveCfg = Release|Any CPU
		{DE91C9D3-845D-41DE-B861-25C330E6DDE5}.Release|Any CPU.Build.0 = Release|Any CPU
	EndGlobalSection
	GlobalSection(SolutionProperties) = preSolution
		HideSolutionNode = FALSE
	EndGlobalSection
	GlobalSection(ExtensibilityGlobals) = postSolution
		SolutionGuid = {02EFAAA7-30D3-4CBF-9C07-C17DDF7A2D3C}
	EndGlobalSection
EndGlobal
